
Microsoft Visual Studio Solution File, Format Version 12.00
# Visual Studio Version 16
VisualStudioVersion = 16.0.32602.291
MinimumVisualStudioVersion = 10.0.40219.1
Project("{FAE04EC0-301F-11D3-BF4B-00C04F79EFBC}") = "veiculo", "veiculo\veiculo.csproj", "{8E4C3E94-C543-404E-AD98-C00489B944F6}"
EndProject
Global
	GlobalSection(SolutionConfigurationPlatforms) = preSolution
		Debug|Any CPU = Debug|Any CPU
		Release|Any CPU = Release|Any CPU
	EndGlobalSection
	GlobalSection(ProjectConfigurationPlatforms) = postSolution
		{8E4C3E94-C543-404E-AD98-C00489B944F6}.Debug|Any CPU.ActiveCfg = Debug|Any CPU
		{8E4C3E94-C543-404E-AD98-C00489B944F6}.Debug|Any CPU.Build.0 = Debug|Any CPU
		{8E4C3E94-C543-404E-AD98-C00489B944F6}.Release|Any CPU.ActiveCfg = Release|Any CPU
		{8E4C3E94-C543-404E-AD98-C00489B944F6}.Release|Any CPU.Build.0 = Release|Any CPU
	EndGlobalSection
	GlobalSection(SolutionProperties) = preSolution
		HideSolutionNode = FALSE
	EndGlobalSection
	GlobalSection(ExtensibilityGlobals) = postSolution
		SolutionGuid = {2DA5C709-7F90-412B-870F-C0F8AEBF1131}
	EndGlobalSection
EndGlobal
